
Microsoft Visual Studio Solution File, Format Version 12.00
# Visual Studio Version 17
VisualStudioVersion = 17.0.32112.339
MinimumVisualStudioVersion = 10.0.40219.1
Project("{FAE04EC0-301F-11D3-BF4B-00C04F79EFBC}") = "2ITB-Datastruktur-Oppgave2", "2ITB-Datastruktur-Oppgave2\2ITB-Datastruktur-Oppgave2.csproj", "{FE2CD2B9-9223-44C5-8A0A-016D2B98689C}"
EndProject
Global
	GlobalSection(SolutionConfigurationPlatforms) = preSolution
		Debug|Any CPU = Debug|Any CPU
		Release|Any CPU = Release|Any CPU
	EndGlobalSection
	GlobalSection(ProjectConfigurationPlatforms) = postSolution
		{FE2CD2B9-9223-44C5-8A0A-016D2B98689C}.Debug|Any CPU.ActiveCfg = Debug|Any CPU
		{FE2CD2B9-9223-44C5-8A0A-016D2B98689C}.Debug|Any CPU.Build.0 = Debug|Any CPU
		{FE2CD2B9-9223-44C5-8A0A-016D2B98689C}.Release|Any CPU.ActiveCfg = Release|Any CPU
		{FE2CD2B9-9223-44C5-8A0A-016D2B98689C}.Release|Any CPU.Build.0 = Release|Any CPU
	EndGlobalSection
	GlobalSection(SolutionProperties) = preSolution
		HideSolutionNode = FALSE
	EndGlobalSection
	GlobalSection(ExtensibilityGlobals) = postSolution
		SolutionGuid = {B63E5D0A-4333-4E51-8A67-18EA06C82A17}
	EndGlobalSection
EndGlobal
